
Microsoft Visual Studio Solution File, Format Version 12.00
# Visual Studio Version 17
VisualStudioVersion = 17.8.34931.61
MinimumVisualStudioVersion = 10.0.40219.1
Project("{9A19103F-16F7-4668-BE54-9A1E7A4F7556}") = "NZWalksAPI", "testApi\NZWalksAPI.csproj", "{97907495-4976-47DE-A140-196FF2D8B235}"
EndProject
Global
	GlobalSection(SolutionConfigurationPlatforms) = preSolution
		Debug|Any CPU = Debug|Any CPU
		Release|Any CPU = Release|Any CPU
	EndGlobalSection
	GlobalSection(ProjectConfigurationPlatforms) = postSolution
		{97907495-4976-47DE-A140-196FF2D8B235}.Debug|Any CPU.ActiveCfg = Debug|Any CPU
		{97907495-4976-47DE-A140-196FF2D8B235}.Debug|Any CPU.Build.0 = Debug|Any CPU
		{97907495-4976-47DE-A140-196FF2D8B235}.Release|Any CPU.ActiveCfg = Release|Any CPU
		{97907495-4976-47DE-A140-196FF2D8B235}.Release|Any CPU.Build.0 = Release|Any CPU
	EndGlobalSection
	GlobalSection(SolutionProperties) = preSolution
		HideSolutionNode = FALSE
	EndGlobalSection
	GlobalSection(ExtensibilityGlobals) = postSolution
		SolutionGuid = {2F2481B8-ACA0-405D-9BB8-BA5B51D01B0B}
	EndGlobalSection
EndGlobal
